
Microsoft Visual Studio Solution File, Format Version 12.00
# Visual Studio Version 18
VisualStudioVersion = 18.0.11205.157
MinimumVisualStudioVersion = 10.0.40219.1
Project("{2150E333-8FDC-42A3-9474-1A3956D46DE8}") = "apps", "apps", "{36D591C7-65C7-A0D1-1CBC-10CDE441BDC8}"
EndProject
Project("{2150E333-8FDC-42A3-9474-1A3956D46DE8}") = "clients", "clients", "{E756B22A-BD0B-44A1-AD6B-921AB2FD87AD}"
EndProject
Project("{2150E333-8FDC-42A3-9474-1A3956D46DE8}") = "services", "services", "{C7A9B6B9-1672-4E72-9488-207E6F63CB3D}"
EndProject
Project("{2150E333-8FDC-42A3-9474-1A3956D46DE8}") = "src", "src", "{13948601-FCB7-4AF4-A96F-4569C20A3335}"
EndProject
Project("{FAE04EC0-301F-11D3-BF4B-00C04F79EFBC}") = "EnigmaVault.Desktop", "src\apps\EnigmaVault.Desktop\EnigmaVault.Desktop.csproj", "{A9610B92-90F7-4E72-A18B-06711A9311D1}"
EndProject
Project("{2150E333-8FDC-42A3-9474-1A3956D46DE8}") = "Api", "Api", "{DDF3A59D-BB41-48AF-A474-81EAB64C4FE5}"
EndProject
Project("{FAE04EC0-301F-11D3-BF4B-00C04F79EFBC}") = "EnigmaVault.Authentication.ApiClient", "src\clients\Api\EnigmaVault.Authentication.ApiClient\EnigmaVault.Authentication.ApiClient.csproj", "{758D9654-4EB6-41D2-B686-82AD081E2448}"
EndProject
Project("{2150E333-8FDC-42A3-9474-1A3956D46DE8}") = "common", "common", "{6508127A-C635-4A8E-AE75-22BE1C6C6D7F}"
EndProject
Project("{FAE04EC0-301F-11D3-BF4B-00C04F79EFBC}") = "Shared.Contracts", "src\common\Shared.Contracts\Shared.Contracts.csproj", "{5B9CB951-25B6-4A9A-9B85-C8672338C017}"
EndProject
Project("{2150E333-8FDC-42A3-9474-1A3956D46DE8}") = "PasswordService", "PasswordService", "{184AE9DA-231A-49EB-A1AF-739409E4935E}"
EndProject
Project("{FAE04EC0-301F-11D3-BF4B-00C04F79EFBC}") = "EnigmaVault.PasswordService", "src\services\PasswordService\EnigmaVault.PasswordService\EnigmaVault.PasswordService.csproj", "{F8433784-3DF4-4F8A-818B-C495579EAED0}"
EndProject
Project("{FAE04EC0-301F-11D3-BF4B-00C04F79EFBC}") = "EnigmaVault.PasswordService.Domain", "src\services\PasswordService\EnigmaVault.PasswordService.Domain\EnigmaVault.PasswordService.Domain.csproj", "{87D623FA-23EC-4091-B953-8C71C662D809}"
EndProject
Project("{FAE04EC0-301F-11D3-BF4B-00C04F79EFBC}") = "EnigmaVault.PasswordService.Application", "src\services\PasswordService\EnigmaVault.PasswordService.Application\EnigmaVault.PasswordService.Application.csproj", "{B1E22EB7-32F0-4377-A53A-AA46E63DCDFA}"
EndProject
Project("{FAE04EC0-301F-11D3-BF4B-00C04F79EFBC}") = "EnigmaVault.PasswordService.Infrastructure", "src\services\PasswordService\EnigmaVault.PasswordService.Infrastructure\EnigmaVault.PasswordService.Infrastructure.csproj", "{C4242498-DD1A-43B5-9917-9AF257A94483}"
EndProject
Project("{2150E333-8FDC-42A3-9474-1A3956D46DE8}") = "shared", "shared", "{3827324D-069A-4EC6-B529-2FC139F0F26B}"
EndProject
Project("{2150E333-8FDC-42A3-9474-1A3956D46DE8}") = "observability", "observability", "{BBDA76C2-7F67-43C1-9F26-57A919C64376}"
EndProject
Project("{2150E333-8FDC-42A3-9474-1A3956D46DE8}") = "core", "core", "{10EC6D71-B141-4C1B-A15B-7EDE88E2DD05}"
EndProject
Project("{FAE04EC0-301F-11D3-BF4B-00C04F79EFBC}") = "Shared.Kernel", "src\shared\core\Shared.Kernel\Shared.Kernel.csproj", "{F0C4E8A1-BD71-44C4-936B-04ACE40FFDD0}"
EndProject
Project("{FAE04EC0-301F-11D3-BF4B-00C04F79EFBC}") = "Shared.Logging", "src\shared\observability\Shared.Logging\Shared.Logging.csproj", "{3B135B8C-186B-4445-942E-657CA8935E81}"
EndProject
Project("{FAE04EC0-301F-11D3-BF4B-00C04F79EFBC}") = "Shared.Application", "src\shared\core\Shared.Application\Shared.Application.csproj", "{C4AA5BA9-1743-4593-893E-A9E45CB56C07}"
EndProject
Project("{FAE04EC0-301F-11D3-BF4B-00C04F79EFBC}") = "EnigmaVault.PasswordService.ApiClient", "src\clients\Api\EnigmaVault.PasswordService.ApiClient\EnigmaVault.PasswordService.ApiClient.csproj", "{43959605-0A58-4808-954A-7E845A9F60DC}"
EndProject
Project("{FAE04EC0-301F-11D3-BF4B-00C04F79EFBC}") = "EnigmaVault.Web.Bff", "src\apps\EnigmaVault.Web.Bff\EnigmaVault.Web.Bff.csproj", "{6331DF01-558C-4546-9585-AACF05BBE9C8}"
EndProject
Project("{2150E333-8FDC-42A3-9474-1A3956D46DE8}") = "infrastructure", "infrastructure", "{26D84E8C-2A16-923A-9C49-67410EC92192}"
EndProject
Project("{FAE04EC0-301F-11D3-BF4B-00C04F79EFBC}") = "Shared.Redis", "src\shared\infrastructure\Shared.Redis\Shared.Redis.csproj", "{FA602CE2-3B1B-4BDF-A0CA-E86778EB5FC0}"
EndProject
Project("{FAE04EC0-301F-11D3-BF4B-00C04F79EFBC}") = "EnigmaVault.AssetsService.ApiClient", "src\clients\Api\EnigmaVault.AssetsService.ApiClient\EnigmaVault.AssetsService.ApiClient.csproj", "{9EEB0D8F-2A2D-4D55-9140-5ABDB85D8D90}"
EndProject
Project("{FAE04EC0-301F-11D3-BF4B-00C04F79EFBC}") = "EnigmaVault.FileService.ApiClient", "src\clients\Api\EnigmaVault.FileService.ApiClient\EnigmaVault.FileService.ApiClient.csproj", "{8B7687C7-A707-4BBA-8A08-3F4F174B90CF}"
EndProject
Global
	GlobalSection(SolutionConfigurationPlatforms) = preSolution
		Debug|Any CPU = Debug|Any CPU
		Debug|x64 = Debug|x64
		Debug|x86 = Debug|x86
		Release|Any CPU = Release|Any CPU
		Release|x64 = Release|x64
		Release|x86 = Release|x86
	EndGlobalSection
	GlobalSection(ProjectConfigurationPlatforms) = postSolution
		{A9610B92-90F7-4E72-A18B-06711A9311D1}.Debug|Any CPU.ActiveCfg = Debug|Any CPU
		{A9610B92-90F7-4E72-A18B-06711A9311D1}.Debug|Any CPU.Build.0 = Debug|Any CPU
		{A9610B92-90F7-4E72-A18B-06711A9311D1}.Debug|x64.ActiveCfg = Debug|Any CPU
		{A9610B92-90F7-4E72-A18B-06711A9311D1}.Debug|x64.Build.0 = Debug|Any CPU
		{A9610B92-90F7-4E72-A18B-06711A9311D1}.Debug|x86.ActiveCfg = Debug|Any CPU
		{A9610B92-90F7-4E72-A18B-06711A9311D1}.Debug|x86.Build.0 = Debug|Any CPU
		{A9610B92-90F7-4E72-A18B-06711A9311D1}.Release|Any CPU.ActiveCfg = Release|Any CPU
		{A9610B92-90F7-4E72-A18B-06711A9311D1}.Release|Any CPU.Build.0 = Release|Any CPU
		{A9610B92-90F7-4E72-A18B-06711A9311D1}.Release|x64.ActiveCfg = Release|Any CPU
		{A9610B92-90F7-4E72-A18B-06711A9311D1}.Release|x64.Build.0 = Release|Any CPU
		{A9610B92-90F7-4E72-A18B-06711A9311D1}.Release|x86.ActiveCfg = Release|Any CPU
		{A9610B92-90F7-4E72-A18B-06711A9311D1}.Release|x86.Build.0 = Release|Any CPU
		{758D9654-4EB6-41D2-B686-82AD081E2448}.Debug|Any CPU.ActiveCfg = Debug|Any CPU
		{758D9654-4EB6-41D2-B686-82AD081E2448}.Debug|Any CPU.Build.0 = Debug|Any CPU
		{758D9654-4EB6-41D2-B686-82AD081E2448}.Debug|x64.ActiveCfg = Debug|Any CPU
		{758D9654-4EB6-41D2-B686-82AD081E2448}.Debug|x64.Build.0 = Debug|Any CPU
		{758D9654-4EB6-41D2-B686-82AD081E2448}.Debug|x86.ActiveCfg = Debug|Any CPU
		{758D9654-4EB6-41D2-B686-82AD081E2448}.Debug|x86.Build.0 = Debug|Any CPU
		{758D9654-4EB6-41D2-B686-82AD081E2448}.Release|Any CPU.ActiveCfg = Release|Any CPU
		{758D9654-4EB6-41D2-B686-82AD081E2448}.Release|Any CPU.Build.0 = Release|Any CPU
		{758D9654-4EB6-41D2-B686-82AD081E2448}.Release|x64.ActiveCfg = Release|Any CPU
		{758D9654-4EB6-41D2-B686-82AD081E2448}.Release|x64.Build.0 = Release|Any CPU
		{758D9654-4EB6-41D2-B686-82AD081E2448}.Release|x86.ActiveCfg = Release|Any CPU
		{758D9654-4EB6-41D2-B686-82AD081E2448}.Release|x86.Build.0 = Release|Any CPU
		{5B9CB951-25B6-4A9A-9B85-C8672338C017}.Debug|Any CPU.ActiveCfg = Debug|Any CPU
		{5B9CB951-25B6-4A9A-9B85-C8672338C017}.Debug|Any CPU.Build.0 = Debug|Any CPU
		{5B9CB951-25B6-4A9A-9B85-C8672338C017}.Debug|x64.ActiveCfg = Debug|Any CPU
		{5B9CB951-25B6-4A9A-9B85-C8672338C017}.Debug|x64.Build.0 = Debug|Any CPU
		{5B9CB951-25B6-4A9A-9B85-C8672338C017}.Debug|x86.ActiveCfg = Debug|Any CPU
		{5B9CB951-25B6-4A9A-9B85-C8672338C017}.Debug|x86.Build.0 = Debug|Any CPU
		{5B9CB951-25B6-4A9A-9B85-C8672338C017}.Release|Any CPU.ActiveCfg = Release|Any CPU
		{5B9CB951-25B6-4A9A-9B85-C8672338C017}.Release|Any CPU.Build.0 = Release|Any CPU
		{5B9CB951-25B6-4A9A-9B85-C8672338C017}.Release|x64.ActiveCfg = Release|Any CPU
		{5B9CB951-25B6-4A9A-9B85-C8672338C017}.Release|x64.Build.0 = Release|Any CPU
		{5B9CB951-25B6-4A9A-9B85-C8672338C017}.Release|x86.ActiveCfg = Release|Any CPU
		{5B9CB951-25B6-4A9A-9B85-C8672338C017}.Release|x86.Build.0 = Release|Any CPU
		{F8433784-3DF4-4F8A-818B-C495579EAED0}.Debug|Any CPU.ActiveCfg = Debug|Any CPU
		{F8433784-3DF4-4F8A-818B-C495579EAED0}.Debug|Any CPU.Build.0 = Debug|Any CPU
		{F8433784-3DF4-4F8A-818B-C495579EAED0}.Debug|x64.ActiveCfg = Debug|Any CPU
		{F8433784-3DF4-4F8A-818B-C495579EAED0}.Debug|x64.Build.0 = Debug|Any CPU
		{F8433784-3DF4-4F8A-818B-C495579EAED0}.Debug|x86.ActiveCfg = Debug|Any CPU
		{F8433784-3DF4-4F8A-818B-C495579EAED0}.Debug|x86.Build.0 = Debug|Any CPU
		{F8433784-3DF4-4F8A-818B-C495579EAED0}.Release|Any CPU.ActiveCfg = Release|Any CPU
		{F8433784-3DF4-4F8A-818B-C495579EAED0}.Release|Any CPU.Build.0 = Release|Any CPU
		{F8433784-3DF4-4F8A-818B-C495579EAED0}.Release|x64.ActiveCfg = Release|Any CPU
		{F8433784-3DF4-4F8A-818B-C495579EAED0}.Release|x64.Build.0 = Release|Any CPU
		{F8433784-3DF4-4F8A-818B-C495579EAED0}.Release|x86.ActiveCfg = Release|Any CPU
		{F8433784-3DF4-4F8A-818B-C495579EAED0}.Release|x86.Build.0 = Release|Any CPU
		{87D623FA-23EC-4091-B953-8C71C662D809}.Debug|Any CPU.ActiveCfg = Debug|Any CPU
		{87D623FA-23EC-4091-B953-8C71C662D809}.Debug|Any CPU.Build.0 = Debug|Any CPU
		{87D623FA-23EC-4091-B953-8C71C662D809}.Debug|x64.ActiveCfg = Debug|Any CPU
		{87D623FA-23EC-4091-B953-8C71C662D809}.Debug|x64.Build.0 = Debug|Any CPU
		{87D623FA-23EC-4091-B953-8C71C662D809}.Debug|x86.ActiveCfg = Debug|Any CPU
		{87D623FA-23EC-4091-B953-8C71C662D809}.Debug|x86.Build.0 = Debug|Any CPU
		{87D623FA-23EC-4091-B953-8C71C662D809}.Release|Any CPU.ActiveCfg = Release|Any CPU
		{87D623FA-23EC-4091-B953-8C71C662D809}.Release|Any CPU.Build.0 = Release|Any CPU
		{87D623FA-23EC-4091-B953-8C71C662D809}.Release|x64.ActiveCfg = Release|Any CPU
		{87D623FA-23EC-4091-B953-8C71C662D809}.Release|x64.Build.0 = Release|Any CPU
		{87D623FA-23EC-4091-B953-8C71C662D809}.Release|x86.ActiveCfg = Release|Any CPU
		{87D623FA-23EC-4091-B953-8C71C662D809}.Release|x86.Build.0 = Release|Any CPU
		{B1E22EB7-32F0-4377-A53A-AA46E63DCDFA}.Debug|Any CPU.ActiveCfg = Debug|Any CPU
		{B1E22EB7-32F0-4377-A53A-AA46E63DCDFA}.Debug|Any CPU.Build.0 = Debug|Any CPU
		{B1E22EB7-32F0-4377-A53A-AA46E63DCDFA}.Debug|x64.ActiveCfg = Debug|Any CPU
		{B1E22EB7-32F0-4377-A53A-AA46E63DCDFA}.Debug|x64.Build.0 = Debug|Any CPU
		{B1E22EB7-32F0-4377-A53A-AA46E63DCDFA}.Debug|x86.ActiveCfg = Debug|Any CPU
		{B1E22EB7-32F0-4377-A53A-AA46E63DCDFA}.Debug|x86.Build.0 = Debug|Any CPU
		{B1E22EB7-32F0-4377-A53A-AA46E63DCDFA}.Release|Any CPU.ActiveCfg = Release|Any CPU
		{B1E22EB7-32F0-4377-A53A-AA46E63DCDFA}.Release|Any CPU.Build.0 = Release|Any CPU
		{B1E22EB7-32F0-4377-A53A-AA46E63DCDFA}.Release|x64.ActiveCfg = Release|Any CPU
		{B1E22EB7-32F0-4377-A53A-AA46E63DCDFA}.Release|x64.Build.0 = Release|Any CPU
		{B1E22EB7-32F0-4377-A53A-AA46E63DCDFA}.Release|x86.ActiveCfg = Release|Any CPU
		{B1E22EB7-32F0-4377-A53A-AA46E63DCDFA}.Release|x86.Build.0 = Release|Any CPU
		{C4242498-DD1A-43B5-9917-9AF257A94483}.Debug|Any CPU.ActiveCfg = Debug|Any CPU
		{C4242498-DD1A-43B5-9917-9AF257A94483}.Debug|Any CPU.Build.0 = Debug|Any CPU
		{C4242498-DD1A-43B5-9917-9AF257A94483}.Debug|x64.ActiveCfg = Debug|Any CPU
		{C4242498-DD1A-43B5-9917-9AF257A94483}.Debug|x64.Build.0 = Debug|Any CPU
		{C4242498-DD1A-43B5-9917-9AF257A94483}.Debug|x86.ActiveCfg = Debug|Any CPU
		{C4242498-DD1A-43B5-9917-9AF257A94483}.Debug|x86.Build.0 = Debug|Any CPU
		{C4242498-DD1A-43B5-9917-9AF257A94483}.Release|Any CPU.ActiveCfg = Release|Any CPU
		{C4242498-DD1A-43B5-9917-9AF257A94483}.Release|Any CPU.Build.0 = Release|Any CPU
		{C4242498-DD1A-43B5-9917-9AF257A94483}.Release|x64.ActiveCfg = Release|Any CPU
		{C4242498-DD1A-43B5-9917-9AF257A94483}.Release|x64.Build.0 = Release|Any CPU
		{C4242498-DD1A-43B5-9917-9AF257A94483}.Release|x86.ActiveCfg = Release|Any CPU
		{C4242498-DD1A-43B5-9917-9AF257A94483}.Release|x86.Build.0 = Release|Any CPU
		{F0C4E8A1-BD71-44C4-936B-04ACE40FFDD0}.Debug|Any CPU.ActiveCfg = Debug|Any CPU
		{F0C4E8A1-BD71-44C4-936B-04ACE40FFDD0}.Debug|Any CPU.Build.0 = Debug|Any CPU
		{F0C4E8A1-BD71-44C4-936B-04ACE40FFDD0}.Debug|x64.ActiveCfg = Debug|Any CPU
		{F0C4E8A1-BD71-44C4-936B-04ACE40FFDD0}.Debug|x64.Build.0 = Debug|Any CPU
		{F0C4E8A1-BD71-44C4-936B-04ACE40FFDD0}.Debug|x86.ActiveCfg = Debug|Any CPU
		{F0C4E8A1-BD71-44C4-936B-04ACE40FFDD0}.Debug|x86.Build.0 = Debug|Any CPU
		{F0C4E8A1-BD71-44C4-936B-04ACE40FFDD0}.Release|Any CPU.ActiveCfg = Release|Any CPU
		{F0C4E8A1-BD71-44C4-936B-04ACE40FFDD0}.Release|Any CPU.Build.0 = Release|Any CPU
		{F0C4E8A1-BD71-44C4-936B-04ACE40FFDD0}.Release|x64.ActiveCfg = Release|Any CPU
		{F0C4E8A1-BD71-44C4-936B-04ACE40FFDD0}.Release|x64.Build.0 = Release|Any CPU
		{F0C4E8A1-BD71-44C4-936B-04ACE40FFDD0}.Release|x86.ActiveCfg = Release|Any CPU
		{F0C4E8A1-BD71-44C4-936B-04ACE40FFDD0}.Release|x86.Build.0 = Release|Any CPU
		{3B135B8C-186B-4445-942E-657CA8935E81}.Debug|Any CPU.ActiveCfg = Debug|Any CPU
		{3B135B8C-186B-4445-942E-657CA8935E81}.Debug|Any CPU.Build.0 = Debug|Any CPU
		{3B135B8C-186B-4445-942E-657CA8935E81}.Debug|x64.ActiveCfg = Debug|Any CPU
		{3B135B8C-186B-4445-942E-657CA8935E81}.Debug|x64.Build.0 = Debug|Any CPU
		{3B135B8C-186B-4445-942E-657CA8935E81}.Debug|x86.ActiveCfg = Debug|Any CPU
		{3B135B8C-186B-4445-942E-657CA8935E81}.Debug|x86.Build.0 = Debug|Any CPU
		{3B135B8C-186B-4445-942E-657CA8935E81}.Release|Any CPU.ActiveCfg = Release|Any CPU
		{3B135B8C-186B-4445-942E-657CA8935E81}.Release|Any CPU.Build.0 = Release|Any CPU
		{3B135B8C-186B-4445-942E-657CA8935E81}.Release|x64.ActiveCfg = Release|Any CPU
		{3B135B8C-186B-4445-942E-657CA8935E81}.Release|x64.Build.0 = Release|Any CPU
		{3B135B8C-186B-4445-942E-657CA8935E81}.Release|x86.ActiveCfg = Release|Any CPU
		{3B135B8C-186B-4445-942E-657CA8935E81}.Release|x86.Build.0 = Release|Any CPU
		{C4AA5BA9-1743-4593-893E-A9E45CB56C07}.Debug|Any CPU.ActiveCfg = Debug|Any CPU
		{C4AA5BA9-1743-4593-893E-A9E45CB56C07}.Debug|Any CPU.Build.0 = Debug|Any CPU
		{C4AA5BA9-1743-4593-893E-A9E45CB56C07}.Debug|x64.ActiveCfg = Debug|Any CPU
		{C4AA5BA9-1743-4593-893E-A9E45CB56C07}.Debug|x64.Build.0 = Debug|Any CPU
		{C4AA5BA9-1743-4593-893E-A9E45CB56C07}.Debug|x86.ActiveCfg = Debug|Any CPU
		{C4AA5BA9-1743-4593-893E-A9E45CB56C07}.Debug|x86.Build.0 = Debug|Any CPU
		{C4AA5BA9-1743-4593-893E-A9E45CB56C07}.Release|Any CPU.ActiveCfg = Release|Any CPU
		{C4AA5BA9-1743-4593-893E-A9E45CB56C07}.Release|Any CPU.Build.0 = Release|Any CPU
		{C4AA5BA9-1743-4593-893E-A9E45CB56C07}.Release|x64.ActiveCfg = Release|Any CPU
		{C4AA5BA9-1743-4593-893E-A9E45CB56C07}.Release|x64.Build.0 = Release|Any CPU
		{C4AA5BA9-1743-4593-893E-A9E45CB56C07}.Release|x86.ActiveCfg = Release|Any CPU
		{C4AA5BA9-1743-4593-893E-A9E45CB56C07}.Release|x86.Build.0 = Release|Any CPU
		{43959605-0A58-4808-954A-7E845A9F60DC}.Debug|Any CPU.ActiveCfg = Debug|Any CPU
		{43959605-0A58-4808-954A-7E845A9F60DC}.Debug|Any CPU.Build.0 = Debug|Any CPU
		{43959605-0A58-4808-954A-7E845A9F60DC}.Debug|x64.ActiveCfg = Debug|Any CPU
		{43959605-0A58-4808-954A-7E845A9F60DC}.Debug|x64.Build.0 = Debug|Any CPU
		{43959605-0A58-4808-954A-7E845A9F60DC}.Debug|x86.ActiveCfg = Debug|Any CPU
		{43959605-0A58-4808-954A-7E845A9F60DC}.Debug|x86.Build.0 = Debug|Any CPU
		{43959605-0A58-4808-954A-7E845A9F60DC}.Release|Any CPU.ActiveCfg = Release|Any CPU
		{43959605-0A58-4808-954A-7E845A9F60DC}.Release|Any CPU.Build.0 = Release|Any CPU
		{43959605-0A58-4808-954A-7E845A9F60DC}.Release|x64.ActiveCfg = Release|Any CPU
		{43959605-0A58-4808-954A-7E845A9F60DC}.Release|x64.Build.0 = Release|Any CPU
		{43959605-0A58-4808-954A-7E845A9F60DC}.Release|x86.ActiveCfg = Release|Any CPU
		{43959605-0A58-4808-954A-7E845A9F60DC}.Release|x86.Build.0 = Release|Any CPU
		{6331DF01-558C-4546-9585-AACF05BBE9C8}.Debug|Any CPU.ActiveCfg = Debug|Any CPU
		{6331DF01-558C-4546-9585-AACF05BBE9C8}.Debug|Any CPU.Build.0 = Debug|Any CPU
		{6331DF01-558C-4546-9585-AACF05BBE9C8}.Debug|x64.ActiveCfg = Debug|Any CPU
		{6331DF01-558C-4546-9585-AACF05BBE9C8}.Debug|x64.Build.0 = Debug|Any CPU
		{6331DF01-558C-4546-9585-AACF05BBE9C8}.Debug|x86.ActiveCfg = Debug|Any CPU
		{6331DF01-558C-4546-9585-AACF05BBE9C8}.Debug|x86.Build.0 = Debug|Any CPU
		{6331DF01-558C-4546-9585-AACF05BBE9C8}.Release|Any CPU.ActiveCfg = Release|Any CPU
		{6331DF01-558C-4546-9585-AACF05BBE9C8}.Release|Any CPU.Build.0 = Release|Any CPU
		{6331DF01-558C-4546-9585-AACF05BBE9C8}.Release|x64.ActiveCfg = Release|Any CPU
		{6331DF01-558C-4546-9585-AACF05BBE9C8}.Release|x64.Build.0 = Release|Any CPU
		{6331DF01-558C-4546-9585-AACF05BBE9C8}.Release|x86.ActiveCfg = Release|Any CPU
		{6331DF01-558C-4546-9585-AACF05BBE9C8}.Release|x86.Build.0 = Release|Any CPU
		{FA602CE2-3B1B-4BDF-A0CA-E86778EB5FC0}.Debug|Any CPU.ActiveCfg = Debug|Any CPU
		{FA602CE2-3B1B-4BDF-A0CA-E86778EB5FC0}.Debug|Any CPU.Build.0 = Debug|Any CPU
		{FA602CE2-3B1B-4BDF-A0CA-E86778EB5FC0}.Debug|x64.ActiveCfg = Debug|Any CPU
		{FA602CE2-3B1B-4BDF-A0CA-E86778EB5FC0}.Debug|x64.Build.0 = Debug|Any CPU
		{FA602CE2-3B1B-4BDF-A0CA-E86778EB5FC0}.Debug|x86.ActiveCfg = Debug|Any CPU
		{FA602CE2-3B1B-4BDF-A0CA-E86778EB5FC0}.Debug|x86.Build.0 = Debug|Any CPU
		{FA602CE2-3B1B-4BDF-A0CA-E86778EB5FC0}.Release|Any CPU.ActiveCfg = Release|Any CPU
		{FA602CE2-3B1B-4BDF-A0CA-E86778EB5FC0}.Release|Any CPU.Build.0 = Release|Any CPU
		{FA602CE2-3B1B-4BDF-A0CA-E86778EB5FC0}.Release|x64.ActiveCfg = Release|Any CPU
		{FA602CE2-3B1B-4BDF-A0CA-E86778EB5FC0}.Release|x64.Build.0 = Release|Any CPU
		{FA602CE2-3B1B-4BDF-A0CA-E86778EB5FC0}.Release|x86.ActiveCfg = Release|Any CPU
		{FA602CE2-3B1B-4BDF-A0CA-E86778EB5FC0}.Release|x86.Build.0 = Release|Any CPU
		{9EEB0D8F-2A2D-4D55-9140-5ABDB85D8D90}.Debug|Any CPU.ActiveCfg = Debug|Any CPU
		{9EEB0D8F-2A2D-4D55-9140-5ABDB85D8D90}.Debug|Any CPU.Build.0 = Debug|Any CPU
		{9EEB0D8F-2A2D-4D55-9140-5ABDB85D8D90}.Debug|x64.ActiveCfg = Debug|Any CPU
		{9EEB0D8F-2A2D-4D55-9140-5ABDB85D8D90}.Debug|x64.Build.0 = Debug|Any CPU
		{9EEB0D8F-2A2D-4D55-9140-5ABDB85D8D90}.Debug|x86.ActiveCfg = Debug|Any CPU
		{9EEB0D8F-2A2D-4D55-9140-5ABDB85D8D90}.Debug|x86.Build.0 = Debug|Any CPU
		{9EEB0D8F-2A2D-4D55-9140-5ABDB85D8D90}.Release|Any CPU.ActiveCfg = Release|Any CPU
		{9EEB0D8F-2A2D-4D55-9140-5ABDB85D8D90}.Release|Any CPU.Build.0 = Release|Any CPU
		{9EEB0D8F-2A2D-4D55-9140-5ABDB85D8D90}.Release|x64.ActiveCfg = Release|Any CPU
		{9EEB0D8F-2A2D-4D55-9140-5ABDB85D8D90}.Release|x64.Build.0 = Release|Any CPU
		{9EEB0D8F-2A2D-4D55-9140-5ABDB85D8D90}.Release|x86.ActiveCfg = Release|Any CPU
		{9EEB0D8F-2A2D-4D55-9140-5ABDB85D8D90}.Release|x86.Build.0 = Release|Any CPU
		{8B7687C7-A707-4BBA-8A08-3F4F174B90CF}.Debug|Any CPU.ActiveCfg = Debug|Any CPU
		{8B7687C7-A707-4BBA-8A08-3F4F174B90CF}.Debug|Any CPU.Build.0 = Debug|Any CPU
		{8B7687C7-A707-4BBA-8A08-3F4F174B90CF}.Debug|x64.ActiveCfg = Debug|Any CPU
		{8B7687C7-A707-4BBA-8A08-3F4F174B90CF}.Debug|x64.Build.0 = Debug|Any CPU
		{8B7687C7-A707-4BBA-8A08-3F4F174B90CF}.Debug|x86.ActiveCfg = Debug|Any CPU
		{8B7687C7-A707-4BBA-8A08-3F4F174B90CF}.Debug|x86.Build.0 = Debug|Any CPU
		{8B7687C7-A707-4BBA-8A08-3F4F174B90CF}.Release|Any CPU.ActiveCfg = Release|Any CPU
		{8B7687C7-A707-4BBA-8A08-3F4F174B90CF}.Release|Any CPU.Build.0 = Release|Any CPU
		{8B7687C7-A707-4BBA-8A08-3F4F174B90CF}.Release|x64.ActiveCfg = Release|Any CPU
		{8B7687C7-A707-4BBA-8A08-3F4F174B90CF}.Release|x64.Build.0 = Release|Any CPU
		{8B7687C7-A707-4BBA-8A08-3F4F174B90CF}.Release|x86.ActiveCfg = Release|Any CPU
		{8B7687C7-A707-4BBA-8A08-3F4F174B90CF}.Release|x86.Build.0 = Release|Any CPU
	EndGlobalSection
	GlobalSection(SolutionProperties) = preSolution
		HideSolutionNode = FALSE
	EndGlobalSection
	GlobalSection(NestedProjects) = preSolution
		{36D591C7-65C7-A0D1-1CBC-10CDE441BDC8} = {13948601-FCB7-4AF4-A96F-4569C20A3335}
		{E756B22A-BD0B-44A1-AD6B-921AB2FD87AD} = {13948601-FCB7-4AF4-A96F-4569C20A3335}
		{C7A9B6B9-1672-4E72-9488-207E6F63CB3D} = {13948601-FCB7-4AF4-A96F-4569C20A3335}
		{A9610B92-90F7-4E72-A18B-06711A9311D1} = {36D591C7-65C7-A0D1-1CBC-10CDE441BDC8}
		{DDF3A59D-BB41-48AF-A474-81EAB64C4FE5} = {E756B22A-BD0B-44A1-AD6B-921AB2FD87AD}
		{758D9654-4EB6-41D2-B686-82AD081E2448} = {DDF3A59D-BB41-48AF-A474-81EAB64C4FE5}
		{6508127A-C635-4A8E-AE75-22BE1C6C6D7F} = {13948601-FCB7-4AF4-A96F-4569C20A3335}
		{5B9CB951-25B6-4A9A-9B85-C8672338C017} = {6508127A-C635-4A8E-AE75-22BE1C6C6D7F}
		{184AE9DA-231A-49EB-A1AF-739409E4935E} = {C7A9B6B9-1672-4E72-9488-207E6F63CB3D}
		{F8433784-3DF4-4F8A-818B-C495579EAED0} = {184AE9DA-231A-49EB-A1AF-739409E4935E}
		{87D623FA-23EC-4091-B953-8C71C662D809} = {184AE9DA-231A-49EB-A1AF-739409E4935E}
		{B1E22EB7-32F0-4377-A53A-AA46E63DCDFA} = {184AE9DA-231A-49EB-A1AF-739409E4935E}
		{C4242498-DD1A-43B5-9917-9AF257A94483} = {184AE9DA-231A-49EB-A1AF-739409E4935E}
		{3827324D-069A-4EC6-B529-2FC139F0F26B} = {13948601-FCB7-4AF4-A96F-4569C20A3335}
		{BBDA76C2-7F67-43C1-9F26-57A919C64376} = {3827324D-069A-4EC6-B529-2FC139F0F26B}
		{10EC6D71-B141-4C1B-A15B-7EDE88E2DD05} = {3827324D-069A-4EC6-B529-2FC139F0F26B}
		{F0C4E8A1-BD71-44C4-936B-04ACE40FFDD0} = {10EC6D71-B141-4C1B-A15B-7EDE88E2DD05}
		{3B135B8C-186B-4445-942E-657CA8935E81} = {BBDA76C2-7F67-43C1-9F26-57A919C64376}
		{C4AA5BA9-1743-4593-893E-A9E45CB56C07} = {10EC6D71-B141-4C1B-A15B-7EDE88E2DD05}
		{43959605-0A58-4808-954A-7E845A9F60DC} = {DDF3A59D-BB41-48AF-A474-81EAB64C4FE5}
		{6331DF01-558C-4546-9585-AACF05BBE9C8} = {36D591C7-65C7-A0D1-1CBC-10CDE441BDC8}
		{26D84E8C-2A16-923A-9C49-67410EC92192} = {3827324D-069A-4EC6-B529-2FC139F0F26B}
		{FA602CE2-3B1B-4BDF-A0CA-E86778EB5FC0} = {26D84E8C-2A16-923A-9C49-67410EC92192}
		{9EEB0D8F-2A2D-4D55-9140-5ABDB85D8D90} = {DDF3A59D-BB41-48AF-A474-81EAB64C4FE5}
		{8B7687C7-A707-4BBA-8A08-3F4F174B90CF} = {DDF3A59D-BB41-48AF-A474-81EAB64C4FE5}
	EndGlobalSection
	GlobalSection(ExtensibilityGlobals) = postSolution
		SolutionGuid = {92D2AA97-3A00-446D-BDE4-0DFBA8BCC5C9}
	EndGlobalSection
EndGlobal
