
Microsoft Visual Studio Solution File, Format Version 12.00
# Visual Studio Version 18
VisualStudioVersion = 18.0.11205.157
MinimumVisualStudioVersion = 10.0.40219.1
Project("{2150E333-8FDC-42A3-9474-1A3956D46DE8}") = "apps", "apps", "{36D591C7-65C7-A0D1-1CBC-10CDE441BDC8}"
EndProject
Project("{2150E333-8FDC-42A3-9474-1A3956D46DE8}") = "clients", "clients", "{E756B22A-BD0B-44A1-AD6B-921AB2FD87AD}"
EndProject
Project("{2150E333-8FDC-42A3-9474-1A3956D46DE8}") = "src", "src", "{13948601-FCB7-4AF4-A96F-4569C20A3335}"
EndProject
Project("{FAE04EC0-301F-11D3-BF4B-00C04F79EFBC}") = "EnigmaVault.Desktop", "src\apps\EnigmaVault.Desktop\EnigmaVault.Desktop.csproj", "{A9610B92-90F7-4E72-A18B-06711A9311D1}"
EndProject
Project("{2150E333-8FDC-42A3-9474-1A3956D46DE8}") = "shared", "shared", "{3827324D-069A-4EC6-B529-2FC139F0F26B}"
EndProject
Project("{2150E333-8FDC-42A3-9474-1A3956D46DE8}") = "observability", "observability", "{BBDA76C2-7F67-43C1-9F26-57A919C64376}"
EndProject
Project("{2150E333-8FDC-42A3-9474-1A3956D46DE8}") = "core", "core", "{10EC6D71-B141-4C1B-A15B-7EDE88E2DD05}"
EndProject
Project("{FAE04EC0-301F-11D3-BF4B-00C04F79EFBC}") = "Shared.Kernel", "src\shared\core\Shared.Kernel\Shared.Kernel.csproj", "{F0C4E8A1-BD71-44C4-936B-04ACE40FFDD0}"
EndProject
Project("{FAE04EC0-301F-11D3-BF4B-00C04F79EFBC}") = "Shared.Logging", "src\shared\observability\Shared.Logging\Shared.Logging.csproj", "{3B135B8C-186B-4445-942E-657CA8935E81}"
EndProject
Project("{FAE04EC0-301F-11D3-BF4B-00C04F79EFBC}") = "Shared.Application", "src\shared\core\Shared.Application\Shared.Application.csproj", "{C4AA5BA9-1743-4593-893E-A9E45CB56C07}"
EndProject
Project("{FAE04EC0-301F-11D3-BF4B-00C04F79EFBC}") = "EnigmaVault.Web.Bff", "src\apps\EnigmaVault.Web.Bff\EnigmaVault.Web.Bff.csproj", "{6331DF01-558C-4546-9585-AACF05BBE9C8}"
EndProject
Project("{2150E333-8FDC-42A3-9474-1A3956D46DE8}") = "infrastructure", "infrastructure", "{26D84E8C-2A16-923A-9C49-67410EC92192}"
EndProject
Project("{FAE04EC0-301F-11D3-BF4B-00C04F79EFBC}") = "Shared.Redis", "src\shared\infrastructure\Shared.Redis\Shared.Redis.csproj", "{FA602CE2-3B1B-4BDF-A0CA-E86778EB5FC0}"
EndProject
Project("{2150E333-8FDC-42A3-9474-1A3956D46DE8}") = "contracts", "contracts", "{FFF99180-A93A-F993-1190-580A83E2CA99}"
EndProject
Project("{FAE04EC0-301F-11D3-BF4B-00C04F79EFBC}") = "Shared.Contracts", "src\shared\contracts\Shared.Contracts\Shared.Contracts.csproj", "{EB5DCF58-4E44-484C-8EEE-BCAA00065093}"
EndProject
Project("{FAE04EC0-301F-11D3-BF4B-00C04F79EFBC}") = "EnigmaVault.AssetsService.ApiClient", "src\clients\EnigmaVault.AssetsService.ApiClient\EnigmaVault.AssetsService.ApiClient.csproj", "{E47A67CD-5D11-4396-82C5-793B5F8AAE08}"
EndProject
Project("{FAE04EC0-301F-11D3-BF4B-00C04F79EFBC}") = "EnigmaVault.Authentication.ApiClient", "src\clients\EnigmaVault.Authentication.ApiClient\EnigmaVault.Authentication.ApiClient.csproj", "{0264A8F0-16FB-4F25-921C-D6F2F71611B5}"
EndProject
Project("{FAE04EC0-301F-11D3-BF4B-00C04F79EFBC}") = "EnigmaVault.FileService.ApiClient", "src\clients\EnigmaVault.FileService.ApiClient\EnigmaVault.FileService.ApiClient.csproj", "{609472F6-CEFD-4230-A466-3B608DABB4E9}"
EndProject
Project("{FAE04EC0-301F-11D3-BF4B-00C04F79EFBC}") = "EnigmaVault.PasswordService.ApiClient", "src\clients\EnigmaVault.PasswordService.ApiClient\EnigmaVault.PasswordService.ApiClient.csproj", "{6B7EB2F0-B50E-47A3-84A4-FD12A5A705FA}"
EndProject
Project("{FAE04EC0-301F-11D3-BF4B-00C04F79EFBC}") = "EnigmaVault.UserManagement.ApiClient", "src\clients\EnigmaVault.UserManagement.ApiClient\EnigmaVault.UserManagement.ApiClient.csproj", "{9C7E8DFB-2E16-45F4-AA48-002A3439014C}"
EndProject
Project("{2150E333-8FDC-42A3-9474-1A3956D46DE8}") = "services", "services", "{1455DE00-9CD4-F0B0-AD3D-8D7240447E45}"
EndProject
Project("{2150E333-8FDC-42A3-9474-1A3956D46DE8}") = "Password", "Password", "{146226FD-3338-BCBD-46F3-37EE4FCDCFEF}"
EndProject
Project("{FAE04EC0-301F-11D3-BF4B-00C04F79EFBC}") = "EnigmaVault.Password.Service.Application", "src\services\Password\EnigmaVault.Password.Service.Application\EnigmaVault.Password.Service.Application.csproj", "{234697F1-ED6F-4884-825E-510BDAA648C0}"
EndProject
Project("{FAE04EC0-301F-11D3-BF4B-00C04F79EFBC}") = "EnigmaVault.Password.Service.Infrastructure", "src\services\Password\EnigmaVault.Password.Service.Infrastructure\EnigmaVault.Password.Service.Infrastructure.csproj", "{E9EF4185-B095-4FE2-AAA6-424B6461850C}"
EndProject
Project("{FAE04EC0-301F-11D3-BF4B-00C04F79EFBC}") = "EnigmaVault.Password.Service.Domain", "src\services\Password\EnigmaVault.Password.Service.Domain\EnigmaVault.Password.Service.Domain.csproj", "{A35EB2C2-3E89-4231-B6B9-042098816DC4}"
EndProject
Project("{FAE04EC0-301F-11D3-BF4B-00C04F79EFBC}") = "EnigmaVault.Password.Service.Api", "src\services\Password\EnigmaVault.Password.Service.Api\EnigmaVault.Password.Service.Api.csproj", "{1FDCE16B-43A0-4F73-8917-C138B080C4DF}"
EndProject
Global
	GlobalSection(SolutionConfigurationPlatforms) = preSolution
		Debug|Any CPU = Debug|Any CPU
		Debug|x64 = Debug|x64
		Debug|x86 = Debug|x86
		Release|Any CPU = Release|Any CPU
		Release|x64 = Release|x64
		Release|x86 = Release|x86
	EndGlobalSection
	GlobalSection(ProjectConfigurationPlatforms) = postSolution
		{A9610B92-90F7-4E72-A18B-06711A9311D1}.Debug|Any CPU.ActiveCfg = Debug|Any CPU
		{A9610B92-90F7-4E72-A18B-06711A9311D1}.Debug|Any CPU.Build.0 = Debug|Any CPU
		{A9610B92-90F7-4E72-A18B-06711A9311D1}.Debug|x64.ActiveCfg = Debug|Any CPU
		{A9610B92-90F7-4E72-A18B-06711A9311D1}.Debug|x64.Build.0 = Debug|Any CPU
		{A9610B92-90F7-4E72-A18B-06711A9311D1}.Debug|x86.ActiveCfg = Debug|Any CPU
		{A9610B92-90F7-4E72-A18B-06711A9311D1}.Debug|x86.Build.0 = Debug|Any CPU
		{A9610B92-90F7-4E72-A18B-06711A9311D1}.Release|Any CPU.ActiveCfg = Release|Any CPU
		{A9610B92-90F7-4E72-A18B-06711A9311D1}.Release|Any CPU.Build.0 = Release|Any CPU
		{A9610B92-90F7-4E72-A18B-06711A9311D1}.Release|x64.ActiveCfg = Release|Any CPU
		{A9610B92-90F7-4E72-A18B-06711A9311D1}.Release|x64.Build.0 = Release|Any CPU
		{A9610B92-90F7-4E72-A18B-06711A9311D1}.Release|x86.ActiveCfg = Release|Any CPU
		{A9610B92-90F7-4E72-A18B-06711A9311D1}.Release|x86.Build.0 = Release|Any CPU
		{F0C4E8A1-BD71-44C4-936B-04ACE40FFDD0}.Debug|Any CPU.ActiveCfg = Debug|Any CPU
		{F0C4E8A1-BD71-44C4-936B-04ACE40FFDD0}.Debug|Any CPU.Build.0 = Debug|Any CPU
		{F0C4E8A1-BD71-44C4-936B-04ACE40FFDD0}.Debug|x64.ActiveCfg = Debug|Any CPU
		{F0C4E8A1-BD71-44C4-936B-04ACE40FFDD0}.Debug|x64.Build.0 = Debug|Any CPU
		{F0C4E8A1-BD71-44C4-936B-04ACE40FFDD0}.Debug|x86.ActiveCfg = Debug|Any CPU
		{F0C4E8A1-BD71-44C4-936B-04ACE40FFDD0}.Debug|x86.Build.0 = Debug|Any CPU
		{F0C4E8A1-BD71-44C4-936B-04ACE40FFDD0}.Release|Any CPU.ActiveCfg = Release|Any CPU
		{F0C4E8A1-BD71-44C4-936B-04ACE40FFDD0}.Release|Any CPU.Build.0 = Release|Any CPU
		{F0C4E8A1-BD71-44C4-936B-04ACE40FFDD0}.Release|x64.ActiveCfg = Release|Any CPU
		{F0C4E8A1-BD71-44C4-936B-04ACE40FFDD0}.Release|x64.Build.0 = Release|Any CPU
		{F0C4E8A1-BD71-44C4-936B-04ACE40FFDD0}.Release|x86.ActiveCfg = Release|Any CPU
		{F0C4E8A1-BD71-44C4-936B-04ACE40FFDD0}.Release|x86.Build.0 = Release|Any CPU
		{3B135B8C-186B-4445-942E-657CA8935E81}.Debug|Any CPU.ActiveCfg = Debug|Any CPU
		{3B135B8C-186B-4445-942E-657CA8935E81}.Debug|Any CPU.Build.0 = Debug|Any CPU
		{3B135B8C-186B-4445-942E-657CA8935E81}.Debug|x64.ActiveCfg = Debug|Any CPU
		{3B135B8C-186B-4445-942E-657CA8935E81}.Debug|x64.Build.0 = Debug|Any CPU
		{3B135B8C-186B-4445-942E-657CA8935E81}.Debug|x86.ActiveCfg = Debug|Any CPU
		{3B135B8C-186B-4445-942E-657CA8935E81}.Debug|x86.Build.0 = Debug|Any CPU
		{3B135B8C-186B-4445-942E-657CA8935E81}.Release|Any CPU.ActiveCfg = Release|Any CPU
		{3B135B8C-186B-4445-942E-657CA8935E81}.Release|Any CPU.Build.0 = Release|Any CPU
		{3B135B8C-186B-4445-942E-657CA8935E81}.Release|x64.ActiveCfg = Release|Any CPU
		{3B135B8C-186B-4445-942E-657CA8935E81}.Release|x64.Build.0 = Release|Any CPU
		{3B135B8C-186B-4445-942E-657CA8935E81}.Release|x86.ActiveCfg = Release|Any CPU
		{3B135B8C-186B-4445-942E-657CA8935E81}.Release|x86.Build.0 = Release|Any CPU
		{C4AA5BA9-1743-4593-893E-A9E45CB56C07}.Debug|Any CPU.ActiveCfg = Debug|Any CPU
		{C4AA5BA9-1743-4593-893E-A9E45CB56C07}.Debug|Any CPU.Build.0 = Debug|Any CPU
		{C4AA5BA9-1743-4593-893E-A9E45CB56C07}.Debug|x64.ActiveCfg = Debug|Any CPU
		{C4AA5BA9-1743-4593-893E-A9E45CB56C07}.Debug|x64.Build.0 = Debug|Any CPU
		{C4AA5BA9-1743-4593-893E-A9E45CB56C07}.Debug|x86.ActiveCfg = Debug|Any CPU
		{C4AA5BA9-1743-4593-893E-A9E45CB56C07}.Debug|x86.Build.0 = Debug|Any CPU
		{C4AA5BA9-1743-4593-893E-A9E45CB56C07}.Release|Any CPU.ActiveCfg = Release|Any CPU
		{C4AA5BA9-1743-4593-893E-A9E45CB56C07}.Release|Any CPU.Build.0 = Release|Any CPU
		{C4AA5BA9-1743-4593-893E-A9E45CB56C07}.Release|x64.ActiveCfg = Release|Any CPU
		{C4AA5BA9-1743-4593-893E-A9E45CB56C07}.Release|x64.Build.0 = Release|Any CPU
		{C4AA5BA9-1743-4593-893E-A9E45CB56C07}.Release|x86.ActiveCfg = Release|Any CPU
		{C4AA5BA9-1743-4593-893E-A9E45CB56C07}.Release|x86.Build.0 = Release|Any CPU
		{6331DF01-558C-4546-9585-AACF05BBE9C8}.Debug|Any CPU.ActiveCfg = Debug|Any CPU
		{6331DF01-558C-4546-9585-AACF05BBE9C8}.Debug|Any CPU.Build.0 = Debug|Any CPU
		{6331DF01-558C-4546-9585-AACF05BBE9C8}.Debug|x64.ActiveCfg = Debug|Any CPU
		{6331DF01-558C-4546-9585-AACF05BBE9C8}.Debug|x64.Build.0 = Debug|Any CPU
		{6331DF01-558C-4546-9585-AACF05BBE9C8}.Debug|x86.ActiveCfg = Debug|Any CPU
		{6331DF01-558C-4546-9585-AACF05BBE9C8}.Debug|x86.Build.0 = Debug|Any CPU
		{6331DF01-558C-4546-9585-AACF05BBE9C8}.Release|Any CPU.ActiveCfg = Release|Any CPU
		{6331DF01-558C-4546-9585-AACF05BBE9C8}.Release|Any CPU.Build.0 = Release|Any CPU
		{6331DF01-558C-4546-9585-AACF05BBE9C8}.Release|x64.ActiveCfg = Release|Any CPU
		{6331DF01-558C-4546-9585-AACF05BBE9C8}.Release|x64.Build.0 = Release|Any CPU
		{6331DF01-558C-4546-9585-AACF05BBE9C8}.Release|x86.ActiveCfg = Release|Any CPU
		{6331DF01-558C-4546-9585-AACF05BBE9C8}.Release|x86.Build.0 = Release|Any CPU
		{FA602CE2-3B1B-4BDF-A0CA-E86778EB5FC0}.Debug|Any CPU.ActiveCfg = Debug|Any CPU
		{FA602CE2-3B1B-4BDF-A0CA-E86778EB5FC0}.Debug|Any CPU.Build.0 = Debug|Any CPU
		{FA602CE2-3B1B-4BDF-A0CA-E86778EB5FC0}.Debug|x64.ActiveCfg = Debug|Any CPU
		{FA602CE2-3B1B-4BDF-A0CA-E86778EB5FC0}.Debug|x64.Build.0 = Debug|Any CPU
		{FA602CE2-3B1B-4BDF-A0CA-E86778EB5FC0}.Debug|x86.ActiveCfg = Debug|Any CPU
		{FA602CE2-3B1B-4BDF-A0CA-E86778EB5FC0}.Debug|x86.Build.0 = Debug|Any CPU
		{FA602CE2-3B1B-4BDF-A0CA-E86778EB5FC0}.Release|Any CPU.ActiveCfg = Release|Any CPU
		{FA602CE2-3B1B-4BDF-A0CA-E86778EB5FC0}.Release|Any CPU.Build.0 = Release|Any CPU
		{FA602CE2-3B1B-4BDF-A0CA-E86778EB5FC0}.Release|x64.ActiveCfg = Release|Any CPU
		{FA602CE2-3B1B-4BDF-A0CA-E86778EB5FC0}.Release|x64.Build.0 = Release|Any CPU
		{FA602CE2-3B1B-4BDF-A0CA-E86778EB5FC0}.Release|x86.ActiveCfg = Release|Any CPU
		{FA602CE2-3B1B-4BDF-A0CA-E86778EB5FC0}.Release|x86.Build.0 = Release|Any CPU
		{EB5DCF58-4E44-484C-8EEE-BCAA00065093}.Debug|Any CPU.ActiveCfg = Debug|Any CPU
		{EB5DCF58-4E44-484C-8EEE-BCAA00065093}.Debug|Any CPU.Build.0 = Debug|Any CPU
		{EB5DCF58-4E44-484C-8EEE-BCAA00065093}.Debug|x64.ActiveCfg = Debug|Any CPU
		{EB5DCF58-4E44-484C-8EEE-BCAA00065093}.Debug|x64.Build.0 = Debug|Any CPU
		{EB5DCF58-4E44-484C-8EEE-BCAA00065093}.Debug|x86.ActiveCfg = Debug|Any CPU
		{EB5DCF58-4E44-484C-8EEE-BCAA00065093}.Debug|x86.Build.0 = Debug|Any CPU
		{EB5DCF58-4E44-484C-8EEE-BCAA00065093}.Release|Any CPU.ActiveCfg = Release|Any CPU
		{EB5DCF58-4E44-484C-8EEE-BCAA00065093}.Release|Any CPU.Build.0 = Release|Any CPU
		{EB5DCF58-4E44-484C-8EEE-BCAA00065093}.Release|x64.ActiveCfg = Release|Any CPU
		{EB5DCF58-4E44-484C-8EEE-BCAA00065093}.Release|x64.Build.0 = Release|Any CPU
		{EB5DCF58-4E44-484C-8EEE-BCAA00065093}.Release|x86.ActiveCfg = Release|Any CPU
		{EB5DCF58-4E44-484C-8EEE-BCAA00065093}.Release|x86.Build.0 = Release|Any CPU
		{E47A67CD-5D11-4396-82C5-793B5F8AAE08}.Debug|Any CPU.ActiveCfg = Debug|Any CPU
		{E47A67CD-5D11-4396-82C5-793B5F8AAE08}.Debug|Any CPU.Build.0 = Debug|Any CPU
		{E47A67CD-5D11-4396-82C5-793B5F8AAE08}.Debug|x64.ActiveCfg = Debug|Any CPU
		{E47A67CD-5D11-4396-82C5-793B5F8AAE08}.Debug|x64.Build.0 = Debug|Any CPU
		{E47A67CD-5D11-4396-82C5-793B5F8AAE08}.Debug|x86.ActiveCfg = Debug|Any CPU
		{E47A67CD-5D11-4396-82C5-793B5F8AAE08}.Debug|x86.Build.0 = Debug|Any CPU
		{E47A67CD-5D11-4396-82C5-793B5F8AAE08}.Release|Any CPU.ActiveCfg = Release|Any CPU
		{E47A67CD-5D11-4396-82C5-793B5F8AAE08}.Release|Any CPU.Build.0 = Release|Any CPU
		{E47A67CD-5D11-4396-82C5-793B5F8AAE08}.Release|x64.ActiveCfg = Release|Any CPU
		{E47A67CD-5D11-4396-82C5-793B5F8AAE08}.Release|x64.Build.0 = Release|Any CPU
		{E47A67CD-5D11-4396-82C5-793B5F8AAE08}.Release|x86.ActiveCfg = Release|Any CPU
		{E47A67CD-5D11-4396-82C5-793B5F8AAE08}.Release|x86.Build.0 = Release|Any CPU
		{0264A8F0-16FB-4F25-921C-D6F2F71611B5}.Debug|Any CPU.ActiveCfg = Debug|Any CPU
		{0264A8F0-16FB-4F25-921C-D6F2F71611B5}.Debug|Any CPU.Build.0 = Debug|Any CPU
		{0264A8F0-16FB-4F25-921C-D6F2F71611B5}.Debug|x64.ActiveCfg = Debug|Any CPU
		{0264A8F0-16FB-4F25-921C-D6F2F71611B5}.Debug|x64.Build.0 = Debug|Any CPU
		{0264A8F0-16FB-4F25-921C-D6F2F71611B5}.Debug|x86.ActiveCfg = Debug|Any CPU
		{0264A8F0-16FB-4F25-921C-D6F2F71611B5}.Debug|x86.Build.0 = Debug|Any CPU
		{0264A8F0-16FB-4F25-921C-D6F2F71611B5}.Release|Any CPU.ActiveCfg = Release|Any CPU
		{0264A8F0-16FB-4F25-921C-D6F2F71611B5}.Release|Any CPU.Build.0 = Release|Any CPU
		{0264A8F0-16FB-4F25-921C-D6F2F71611B5}.Release|x64.ActiveCfg = Release|Any CPU
		{0264A8F0-16FB-4F25-921C-D6F2F71611B5}.Release|x64.Build.0 = Release|Any CPU
		{0264A8F0-16FB-4F25-921C-D6F2F71611B5}.Release|x86.ActiveCfg = Release|Any CPU
		{0264A8F0-16FB-4F25-921C-D6F2F71611B5}.Release|x86.Build.0 = Release|Any CPU
		{609472F6-CEFD-4230-A466-3B608DABB4E9}.Debug|Any CPU.ActiveCfg = Debug|Any CPU
		{609472F6-CEFD-4230-A466-3B608DABB4E9}.Debug|Any CPU.Build.0 = Debug|Any CPU
		{609472F6-CEFD-4230-A466-3B608DABB4E9}.Debug|x64.ActiveCfg = Debug|Any CPU
		{609472F6-CEFD-4230-A466-3B608DABB4E9}.Debug|x64.Build.0 = Debug|Any CPU
		{609472F6-CEFD-4230-A466-3B608DABB4E9}.Debug|x86.ActiveCfg = Debug|Any CPU
		{609472F6-CEFD-4230-A466-3B608DABB4E9}.Debug|x86.Build.0 = Debug|Any CPU
		{609472F6-CEFD-4230-A466-3B608DABB4E9}.Release|Any CPU.ActiveCfg = Release|Any CPU
		{609472F6-CEFD-4230-A466-3B608DABB4E9}.Release|Any CPU.Build.0 = Release|Any CPU
		{609472F6-CEFD-4230-A466-3B608DABB4E9}.Release|x64.ActiveCfg = Release|Any CPU
		{609472F6-CEFD-4230-A466-3B608DABB4E9}.Release|x64.Build.0 = Release|Any CPU
		{609472F6-CEFD-4230-A466-3B608DABB4E9}.Release|x86.ActiveCfg = Release|Any CPU
		{609472F6-CEFD-4230-A466-3B608DABB4E9}.Release|x86.Build.0 = Release|Any CPU
		{6B7EB2F0-B50E-47A3-84A4-FD12A5A705FA}.Debug|Any CPU.ActiveCfg = Debug|Any CPU
		{6B7EB2F0-B50E-47A3-84A4-FD12A5A705FA}.Debug|Any CPU.Build.0 = Debug|Any CPU
		{6B7EB2F0-B50E-47A3-84A4-FD12A5A705FA}.Debug|x64.ActiveCfg = Debug|Any CPU
		{6B7EB2F0-B50E-47A3-84A4-FD12A5A705FA}.Debug|x64.Build.0 = Debug|Any CPU
		{6B7EB2F0-B50E-47A3-84A4-FD12A5A705FA}.Debug|x86.ActiveCfg = Debug|Any CPU
		{6B7EB2F0-B50E-47A3-84A4-FD12A5A705FA}.Debug|x86.Build.0 = Debug|Any CPU
		{6B7EB2F0-B50E-47A3-84A4-FD12A5A705FA}.Release|Any CPU.ActiveCfg = Release|Any CPU
		{6B7EB2F0-B50E-47A3-84A4-FD12A5A705FA}.Release|Any CPU.Build.0 = Release|Any CPU
		{6B7EB2F0-B50E-47A3-84A4-FD12A5A705FA}.Release|x64.ActiveCfg = Release|Any CPU
		{6B7EB2F0-B50E-47A3-84A4-FD12A5A705FA}.Release|x64.Build.0 = Release|Any CPU
		{6B7EB2F0-B50E-47A3-84A4-FD12A5A705FA}.Release|x86.ActiveCfg = Release|Any CPU
		{6B7EB2F0-B50E-47A3-84A4-FD12A5A705FA}.Release|x86.Build.0 = Release|Any CPU
		{9C7E8DFB-2E16-45F4-AA48-002A3439014C}.Debug|Any CPU.ActiveCfg = Debug|Any CPU
		{9C7E8DFB-2E16-45F4-AA48-002A3439014C}.Debug|Any CPU.Build.0 = Debug|Any CPU
		{9C7E8DFB-2E16-45F4-AA48-002A3439014C}.Debug|x64.ActiveCfg = Debug|Any CPU
		{9C7E8DFB-2E16-45F4-AA48-002A3439014C}.Debug|x64.Build.0 = Debug|Any CPU
		{9C7E8DFB-2E16-45F4-AA48-002A3439014C}.Debug|x86.ActiveCfg = Debug|Any CPU
		{9C7E8DFB-2E16-45F4-AA48-002A3439014C}.Debug|x86.Build.0 = Debug|Any CPU
		{9C7E8DFB-2E16-45F4-AA48-002A3439014C}.Release|Any CPU.ActiveCfg = Release|Any CPU
		{9C7E8DFB-2E16-45F4-AA48-002A3439014C}.Release|Any CPU.Build.0 = Release|Any CPU
		{9C7E8DFB-2E16-45F4-AA48-002A3439014C}.Release|x64.ActiveCfg = Release|Any CPU
		{9C7E8DFB-2E16-45F4-AA48-002A3439014C}.Release|x64.Build.0 = Release|Any CPU
		{9C7E8DFB-2E16-45F4-AA48-002A3439014C}.Release|x86.ActiveCfg = Release|Any CPU
		{9C7E8DFB-2E16-45F4-AA48-002A3439014C}.Release|x86.Build.0 = Release|Any CPU
		{234697F1-ED6F-4884-825E-510BDAA648C0}.Debug|Any CPU.ActiveCfg = Debug|Any CPU
		{234697F1-ED6F-4884-825E-510BDAA648C0}.Debug|Any CPU.Build.0 = Debug|Any CPU
		{234697F1-ED6F-4884-825E-510BDAA648C0}.Debug|x64.ActiveCfg = Debug|Any CPU
		{234697F1-ED6F-4884-825E-510BDAA648C0}.Debug|x64.Build.0 = Debug|Any CPU
		{234697F1-ED6F-4884-825E-510BDAA648C0}.Debug|x86.ActiveCfg = Debug|Any CPU
		{234697F1-ED6F-4884-825E-510BDAA648C0}.Debug|x86.Build.0 = Debug|Any CPU
		{234697F1-ED6F-4884-825E-510BDAA648C0}.Release|Any CPU.ActiveCfg = Release|Any CPU
		{234697F1-ED6F-4884-825E-510BDAA648C0}.Release|Any CPU.Build.0 = Release|Any CPU
		{234697F1-ED6F-4884-825E-510BDAA648C0}.Release|x64.ActiveCfg = Release|Any CPU
		{234697F1-ED6F-4884-825E-510BDAA648C0}.Release|x64.Build.0 = Release|Any CPU
		{234697F1-ED6F-4884-825E-510BDAA648C0}.Release|x86.ActiveCfg = Release|Any CPU
		{234697F1-ED6F-4884-825E-510BDAA648C0}.Release|x86.Build.0 = Release|Any CPU
		{E9EF4185-B095-4FE2-AAA6-424B6461850C}.Debug|Any CPU.ActiveCfg = Debug|Any CPU
		{E9EF4185-B095-4FE2-AAA6-424B6461850C}.Debug|Any CPU.Build.0 = Debug|Any CPU
		{E9EF4185-B095-4FE2-AAA6-424B6461850C}.Debug|x64.ActiveCfg = Debug|Any CPU
		{E9EF4185-B095-4FE2-AAA6-424B6461850C}.Debug|x64.Build.0 = Debug|Any CPU
		{E9EF4185-B095-4FE2-AAA6-424B6461850C}.Debug|x86.ActiveCfg = Debug|Any CPU
		{E9EF4185-B095-4FE2-AAA6-424B6461850C}.Debug|x86.Build.0 = Debug|Any CPU
		{E9EF4185-B095-4FE2-AAA6-424B6461850C}.Release|Any CPU.ActiveCfg = Release|Any CPU
		{E9EF4185-B095-4FE2-AAA6-424B6461850C}.Release|Any CPU.Build.0 = Release|Any CPU
		{E9EF4185-B095-4FE2-AAA6-424B6461850C}.Release|x64.ActiveCfg = Release|Any CPU
		{E9EF4185-B095-4FE2-AAA6-424B6461850C}.Release|x64.Build.0 = Release|Any CPU
		{E9EF4185-B095-4FE2-AAA6-424B6461850C}.Release|x86.ActiveCfg = Release|Any CPU
		{E9EF4185-B095-4FE2-AAA6-424B6461850C}.Release|x86.Build.0 = Release|Any CPU
		{A35EB2C2-3E89-4231-B6B9-042098816DC4}.Debug|Any CPU.ActiveCfg = Debug|Any CPU
		{A35EB2C2-3E89-4231-B6B9-042098816DC4}.Debug|Any CPU.Build.0 = Debug|Any CPU
		{A35EB2C2-3E89-4231-B6B9-042098816DC4}.Debug|x64.ActiveCfg = Debug|Any CPU
		{A35EB2C2-3E89-4231-B6B9-042098816DC4}.Debug|x64.Build.0 = Debug|Any CPU
		{A35EB2C2-3E89-4231-B6B9-042098816DC4}.Debug|x86.ActiveCfg = Debug|Any CPU
		{A35EB2C2-3E89-4231-B6B9-042098816DC4}.Debug|x86.Build.0 = Debug|Any CPU
		{A35EB2C2-3E89-4231-B6B9-042098816DC4}.Release|Any CPU.ActiveCfg = Release|Any CPU
		{A35EB2C2-3E89-4231-B6B9-042098816DC4}.Release|Any CPU.Build.0 = Release|Any CPU
		{A35EB2C2-3E89-4231-B6B9-042098816DC4}.Release|x64.ActiveCfg = Release|Any CPU
		{A35EB2C2-3E89-4231-B6B9-042098816DC4}.Release|x64.Build.0 = Release|Any CPU
		{A35EB2C2-3E89-4231-B6B9-042098816DC4}.Release|x86.ActiveCfg = Release|Any CPU
		{A35EB2C2-3E89-4231-B6B9-042098816DC4}.Release|x86.Build.0 = Release|Any CPU
		{1FDCE16B-43A0-4F73-8917-C138B080C4DF}.Debug|Any CPU.ActiveCfg = Debug|Any CPU
		{1FDCE16B-43A0-4F73-8917-C138B080C4DF}.Debug|Any CPU.Build.0 = Debug|Any CPU
		{1FDCE16B-43A0-4F73-8917-C138B080C4DF}.Debug|x64.ActiveCfg = Debug|Any CPU
		{1FDCE16B-43A0-4F73-8917-C138B080C4DF}.Debug|x64.Build.0 = Debug|Any CPU
		{1FDCE16B-43A0-4F73-8917-C138B080C4DF}.Debug|x86.ActiveCfg = Debug|Any CPU
		{1FDCE16B-43A0-4F73-8917-C138B080C4DF}.Debug|x86.Build.0 = Debug|Any CPU
		{1FDCE16B-43A0-4F73-8917-C138B080C4DF}.Release|Any CPU.ActiveCfg = Release|Any CPU
		{1FDCE16B-43A0-4F73-8917-C138B080C4DF}.Release|Any CPU.Build.0 = Release|Any CPU
		{1FDCE16B-43A0-4F73-8917-C138B080C4DF}.Release|x64.ActiveCfg = Release|Any CPU
		{1FDCE16B-43A0-4F73-8917-C138B080C4DF}.Release|x64.Build.0 = Release|Any CPU
		{1FDCE16B-43A0-4F73-8917-C138B080C4DF}.Release|x86.ActiveCfg = Release|Any CPU
		{1FDCE16B-43A0-4F73-8917-C138B080C4DF}.Release|x86.Build.0 = Release|Any CPU
	EndGlobalSection
	GlobalSection(SolutionProperties) = preSolution
		HideSolutionNode = FALSE
	EndGlobalSection
	GlobalSection(NestedProjects) = preSolution
		{36D591C7-65C7-A0D1-1CBC-10CDE441BDC8} = {13948601-FCB7-4AF4-A96F-4569C20A3335}
		{E756B22A-BD0B-44A1-AD6B-921AB2FD87AD} = {13948601-FCB7-4AF4-A96F-4569C20A3335}
		{A9610B92-90F7-4E72-A18B-06711A9311D1} = {36D591C7-65C7-A0D1-1CBC-10CDE441BDC8}
		{3827324D-069A-4EC6-B529-2FC139F0F26B} = {13948601-FCB7-4AF4-A96F-4569C20A3335}
		{BBDA76C2-7F67-43C1-9F26-57A919C64376} = {3827324D-069A-4EC6-B529-2FC139F0F26B}
		{10EC6D71-B141-4C1B-A15B-7EDE88E2DD05} = {3827324D-069A-4EC6-B529-2FC139F0F26B}
		{F0C4E8A1-BD71-44C4-936B-04ACE40FFDD0} = {10EC6D71-B141-4C1B-A15B-7EDE88E2DD05}
		{3B135B8C-186B-4445-942E-657CA8935E81} = {BBDA76C2-7F67-43C1-9F26-57A919C64376}
		{C4AA5BA9-1743-4593-893E-A9E45CB56C07} = {10EC6D71-B141-4C1B-A15B-7EDE88E2DD05}
		{6331DF01-558C-4546-9585-AACF05BBE9C8} = {36D591C7-65C7-A0D1-1CBC-10CDE441BDC8}
		{26D84E8C-2A16-923A-9C49-67410EC92192} = {3827324D-069A-4EC6-B529-2FC139F0F26B}
		{FA602CE2-3B1B-4BDF-A0CA-E86778EB5FC0} = {26D84E8C-2A16-923A-9C49-67410EC92192}
		{FFF99180-A93A-F993-1190-580A83E2CA99} = {3827324D-069A-4EC6-B529-2FC139F0F26B}
		{EB5DCF58-4E44-484C-8EEE-BCAA00065093} = {FFF99180-A93A-F993-1190-580A83E2CA99}
		{E47A67CD-5D11-4396-82C5-793B5F8AAE08} = {E756B22A-BD0B-44A1-AD6B-921AB2FD87AD}
		{0264A8F0-16FB-4F25-921C-D6F2F71611B5} = {E756B22A-BD0B-44A1-AD6B-921AB2FD87AD}
		{609472F6-CEFD-4230-A466-3B608DABB4E9} = {E756B22A-BD0B-44A1-AD6B-921AB2FD87AD}
		{6B7EB2F0-B50E-47A3-84A4-FD12A5A705FA} = {E756B22A-BD0B-44A1-AD6B-921AB2FD87AD}
		{9C7E8DFB-2E16-45F4-AA48-002A3439014C} = {E756B22A-BD0B-44A1-AD6B-921AB2FD87AD}
		{1455DE00-9CD4-F0B0-AD3D-8D7240447E45} = {13948601-FCB7-4AF4-A96F-4569C20A3335}
		{146226FD-3338-BCBD-46F3-37EE4FCDCFEF} = {1455DE00-9CD4-F0B0-AD3D-8D7240447E45}
		{234697F1-ED6F-4884-825E-510BDAA648C0} = {146226FD-3338-BCBD-46F3-37EE4FCDCFEF}
		{E9EF4185-B095-4FE2-AAA6-424B6461850C} = {146226FD-3338-BCBD-46F3-37EE4FCDCFEF}
		{A35EB2C2-3E89-4231-B6B9-042098816DC4} = {146226FD-3338-BCBD-46F3-37EE4FCDCFEF}
		{1FDCE16B-43A0-4F73-8917-C138B080C4DF} = {146226FD-3338-BCBD-46F3-37EE4FCDCFEF}
	EndGlobalSection
	GlobalSection(ExtensibilityGlobals) = postSolution
		SolutionGuid = {92D2AA97-3A00-446D-BDE4-0DFBA8BCC5C9}
	EndGlobalSection
EndGlobal
